PODS:
  - JFHeroBrowser (1.3.3):
    - JRBaseKit (~> 1.0.0)
  - JRBaseKit (1.0.0)
  - Kingfisher (7.4.1)

DEPENDENCIES:
  - JFHeroBrowser (from `../`)
  - Kingfisher

SPEC REPOS:
  trunk:
    - JRBaseKit
    - Kingfisher

EXTERNAL SOURCES:
  JFHeroBrowser:
    :path: "../"

SPEC CHECKSUMS:
  JFHeroBrowser: f51d1da393ab5d14a15c9cb492dd1f51d028a899
  JRBaseKit: ed75cfce9e340a3316bee0eaac0fa1c400714287
  Kingfisher: cd762a593a61b2fbecf7645c00f9a801a3ebfc9c

PODFILE CHECKSUM: d022fdae0232aec0d1faa59d6bc2a6f0d4fd470b

COCOAPODS: 1.11.3
